Microsoft Visual Studio Solution File, Format Version 12.00
# Visual Studio Version 18
VisualStudioVersion = 18.1.11312.151 d18.0
MinimumVisualStudioVersion = 10.0.40219.1
Project("{FAE04EC0-301F-11D3-BF4B-00C04F79EFBC}") = "Python.UI", "Python.UI\Python.UI.csproj", "{A9CE986B-A887-737F-EFF1-25486115872B}"
EndProject
Global
	GlobalSection(SolutionConfigurationPlatforms) = preSolution
		Debug|Any CPU = Debug|Any CPU
		Release|Any CPU = Release|Any CPU
	EndGlobalSection
	GlobalSection(ProjectConfigurationPlatforms) = postSolution
		{A9CE986B-A887-737F-EFF1-25486115872B}.Debug|Any CPU.ActiveCfg = Debug|Any CPU
		{A9CE986B-A887-737F-EFF1-25486115872B}.Debug|Any CPU.Build.0 = Debug|Any CPU
		{A9CE986B-A887-737F-EFF1-25486115872B}.Release|Any CPU.ActiveCfg = Release|Any CPU
		{A9CE986B-A887-737F-EFF1-25486115872B}.Release|Any CPU.Build.0 = Release|Any CPU
	EndGlobalSection
	GlobalSection(SolutionProperties) = preSolution
		HideSolutionNode = FALSE
	EndGlobalSection
	GlobalSection(ExtensibilityGlobals) = postSolution
		SolutionGuid = {A7AADB15-61C3-412F-8F34-2B3D4622A8E8}
	EndGlobalSection
EndGlobal
